
Microsoft Visual Studio Solution File, Format Version 12.00
# Visual Studio 15
VisualStudioVersion = 15.0.28010.2046
MinimumVisualStudioVersion = 10.0.40219.1
Project("{A0786B88-2ADB-4C21-ABE8-AA2D79766269}") = "Matpel", "Matpel.phpproj", "{72226CFA-78E0-4127-8B68-05C8551F5084}"
EndProject
Global
	GlobalSection(SolutionConfigurationPlatforms) = preSolution
		Debug|Any CPU = Debug|Any CPU
		Release|Any CPU = Release|Any CPU
	EndGlobalSection
	GlobalSection(ProjectConfigurationPlatforms) = postSolution
		{72226CFA-78E0-4127-8B68-05C8551F5084}.Debug|Any CPU.ActiveCfg = Debug|Any CPU
		{72226CFA-78E0-4127-8B68-05C8551F5084}.Release|Any CPU.ActiveCfg = Release|Any CPU
	EndGlobalSection
	GlobalSection(SolutionProperties) = preSolution
		HideSolutionNode = FALSE
	EndGlobalSection
	GlobalSection(ExtensibilityGlobals) = postSolution
		SolutionGuid = {DC702470-6711-421D-A0A8-B280E124138B}
	EndGlobalSection
EndGlobal
